{
  "originHash" : "08842fc6a13205144f8e23705492ea184135e0782fea33d845ad4642c94d550f",
  "pins" : [
    {
      "identity" : "wwemojitextfield",
      "kind" : "remoteSourceControl",
      "location" : "https://github.com/William-Weng/WWEmojiTextField",
      "state" : {
        "revision" : "74e37155f5fb09ea73674109b3854de5a8fa249a",
        "version" : "1.0.1"
      }
    }
  ],
  "version" : 3
}
